
Microsoft Visual Studio Solution File, Format Version 12.00
# Visual Studio 2013
VisualStudioVersion = 12.0.21005.1
MinimumVisualStudioVersion = 10.0.40219.1
Project("{FAE04EC0-301F-11D3-BF4B-00C04F79EFBC}") = "Web", "Web\Web.csproj", "{AFAF2D06-1115-4D69-A12D-5090C13B1C02}"
EndProject
Project("{FAE04EC0-301F-11D3-BF4B-00C04F79EFBC}") = "DataAccess", "DataAccess\DataAccess.csproj", "{5186E1B0-F2A8-4E86-A50E-498D1821EA80}"
EndProject
Project("{FAE04EC0-301F-11D3-BF4B-00C04F79EFBC}") = "Utility", "Utility\Utility.csproj", "{A8C330C1-5525-4ECF-AE86-974FBC3AB142}"
EndProject
Project("{FAE04EC0-301F-11D3-BF4B-00C04F79EFBC}") = "ExcelProcess", "ExcelProcess\ExcelProcess.csproj", "{920295A4-8797-43CA-BC74-0C70F4473B0C}"
EndProject
Project("{FAE04EC0-301F-11D3-BF4B-00C04F79EFBC}") = "WeiXin", "WeiXin\WeiXin.csproj", "{C2467F4A-BC3D-4BDD-8D8C-9DE6497BCD51}"
EndProject
Project("{FAE04EC0-301F-11D3-BF4B-00C04F79EFBC}") = "Mobile.Web", "Mobile.Web\Mobile.Web.csproj", "{6C178CE6-A616-4C86-99ED-F71E5D9113B8}"
EndProject
Project("{FAE04EC0-301F-11D3-BF4B-00C04F79EFBC}") = "WxPayAPI", "WxPayAPI\WxPayAPI.csproj", "{AA17EA39-1AAA-48D4-A1A9-5B08AC537C5C}"
EndProject
Project("{FAE04EC0-301F-11D3-BF4B-00C04F79EFBC}") = "YongYou.Server", "YongYou.Server\YongYou.Server.csproj", "{5598733F-EAED-4AB7-8432-D278628770C7}"
EndProject
Project("{FAE04EC0-301F-11D3-BF4B-00C04F79EFBC}") = "HuiShouYin", "HuiShouYin\HuiShouYin.csproj", "{47F4A8D2-8D91-4F4E-BD74-F9C3AE899DCC}"
EndProject
Project("{FAE04EC0-301F-11D3-BF4B-00C04F79EFBC}") = "JPush", "JPush\JPush.csproj", "{B3C2D504-2D66-4E39-A70C-F0DB162FA68C}"
EndProject
Project("{FAE04EC0-301F-11D3-BF4B-00C04F79EFBC}") = "Upgrade.Web", "Upgrade.Web\Upgrade.Web.csproj", "{02235ED8-9091-40A8-AA81-16E0CC7DCCD8}"
EndProject
Project("{2150E333-8FDC-42A3-9474-1A3956D46DE8}") = "PaymentSDK", "PaymentSDK", "{FCA3D227-2BE1-4D59-A5A7-18A2DE762DA6}"
EndProject
Project("{FAE04EC0-301F-11D3-BF4B-00C04F79EFBC}") = "AopSdk", "AopSdk\AopSdk.csproj", "{CDC07387-BD1B-486B-9E57-76613FA6FED6}"
EndProject
Project("{FAE04EC0-301F-11D3-BF4B-00C04F79EFBC}") = "Encript", "Encript\Encript.csproj", "{005A366C-B184-47A6-9522-E51B80F7B3E0}"
EndProject
Project("{FAE04EC0-301F-11D3-BF4B-00C04F79EFBC}") = "PaymentConfig", "PaymentConfig\PaymentConfig.csproj", "{F881402C-F6CB-4907-A059-35B17CBF5E03}"
EndProject
Project("{2150E333-8FDC-42A3-9474-1A3956D46DE8}") = "Tools", "Tools", "{310B9BB6-8DD5-4979-A6C6-C7EB75D5A742}"
EndProject
Project("{FAE04EC0-301F-11D3-BF4B-00C04F79EFBC}") = "EShequInterface", "EShequInterface\EShequInterface.csproj", "{20D1DC13-E43F-43F8-B427-DA0874048E32}"
EndProject
Project("{FAE04EC0-301F-11D3-BF4B-00C04F79EFBC}") = "SocketIOClient", "SocketIOClient\SocketIOClient.csproj", "{FE7ADB35-E495-4B14-91D8-8DD2DFF73A3A}"
EndProject
Global
	GlobalSection(SolutionConfigurationPlatforms) = preSolution
		Debug|Any CPU = Debug|Any CPU
		Release|Any CPU = Release|Any CPU
	EndGlobalSection
	GlobalSection(ProjectConfigurationPlatforms) = postSolution
		{AFAF2D06-1115-4D69-A12D-5090C13B1C02}.Debug|Any CPU.ActiveCfg = Debug|Any CPU
		{AFAF2D06-1115-4D69-A12D-5090C13B1C02}.Debug|Any CPU.Build.0 = Debug|Any CPU
		{AFAF2D06-1115-4D69-A12D-5090C13B1C02}.Release|Any CPU.ActiveCfg = Release|Any CPU
		{AFAF2D06-1115-4D69-A12D-5090C13B1C02}.Release|Any CPU.Build.0 = Release|Any CPU
		{5186E1B0-F2A8-4E86-A50E-498D1821EA80}.Debug|Any CPU.ActiveCfg = Debug|Any CPU
		{5186E1B0-F2A8-4E86-A50E-498D1821EA80}.Debug|Any CPU.Build.0 = Debug|Any CPU
		{5186E1B0-F2A8-4E86-A50E-498D1821EA80}.Release|Any CPU.ActiveCfg = Release|Any CPU
		{5186E1B0-F2A8-4E86-A50E-498D1821EA80}.Release|Any CPU.Build.0 = Release|Any CPU
		{A8C330C1-5525-4ECF-AE86-974FBC3AB142}.Debug|Any CPU.ActiveCfg = Debug|Any CPU
		{A8C330C1-5525-4ECF-AE86-974FBC3AB142}.Debug|Any CPU.Build.0 = Debug|Any CPU
		{A8C330C1-5525-4ECF-AE86-974FBC3AB142}.Release|Any CPU.ActiveCfg = Release|Any CPU
		{A8C330C1-5525-4ECF-AE86-974FBC3AB142}.Release|Any CPU.Build.0 = Release|Any CPU
		{920295A4-8797-43CA-BC74-0C70F4473B0C}.Debug|Any CPU.ActiveCfg = Debug|Any CPU
		{920295A4-8797-43CA-BC74-0C70F4473B0C}.Debug|Any CPU.Build.0 = Debug|Any CPU
		{920295A4-8797-43CA-BC74-0C70F4473B0C}.Release|Any CPU.ActiveCfg = Release|Any CPU
		{920295A4-8797-43CA-BC74-0C70F4473B0C}.Release|Any CPU.Build.0 = Release|Any CPU
		{C2467F4A-BC3D-4BDD-8D8C-9DE6497BCD51}.Debug|Any CPU.ActiveCfg = Debug|Any CPU
		{C2467F4A-BC3D-4BDD-8D8C-9DE6497BCD51}.Debug|Any CPU.Build.0 = Debug|Any CPU
		{C2467F4A-BC3D-4BDD-8D8C-9DE6497BCD51}.Release|Any CPU.ActiveCfg = Release|Any CPU
		{C2467F4A-BC3D-4BDD-8D8C-9DE6497BCD51}.Release|Any CPU.Build.0 = Release|Any CPU
		{6C178CE6-A616-4C86-99ED-F71E5D9113B8}.Debug|Any CPU.ActiveCfg = Debug|Any CPU
		{6C178CE6-A616-4C86-99ED-F71E5D9113B8}.Debug|Any CPU.Build.0 = Debug|Any CPU
		{6C178CE6-A616-4C86-99ED-F71E5D9113B8}.Release|Any CPU.ActiveCfg = Release|Any CPU
		{6C178CE6-A616-4C86-99ED-F71E5D9113B8}.Release|Any CPU.Build.0 = Release|Any CPU
		{AA17EA39-1AAA-48D4-A1A9-5B08AC537C5C}.Debug|Any CPU.ActiveCfg = Debug|Any CPU
		{AA17EA39-1AAA-48D4-A1A9-5B08AC537C5C}.Debug|Any CPU.Build.0 = Debug|Any CPU
		{AA17EA39-1AAA-48D4-A1A9-5B08AC537C5C}.Release|Any CPU.ActiveCfg = Release|Any CPU
		{AA17EA39-1AAA-48D4-A1A9-5B08AC537C5C}.Release|Any CPU.Build.0 = Release|Any CPU
		{5598733F-EAED-4AB7-8432-D278628770C7}.Debug|Any CPU.ActiveCfg = Debug|Any CPU
		{5598733F-EAED-4AB7-8432-D278628770C7}.Debug|Any CPU.Build.0 = Debug|Any CPU
		{5598733F-EAED-4AB7-8432-D278628770C7}.Release|Any CPU.ActiveCfg = Release|Any CPU
		{5598733F-EAED-4AB7-8432-D278628770C7}.Release|Any CPU.Build.0 = Release|Any CPU
		{47F4A8D2-8D91-4F4E-BD74-F9C3AE899DCC}.Debug|Any CPU.ActiveCfg = Debug|Any CPU
		{47F4A8D2-8D91-4F4E-BD74-F9C3AE899DCC}.Debug|Any CPU.Build.0 = Debug|Any CPU
		{47F4A8D2-8D91-4F4E-BD74-F9C3AE899DCC}.Release|Any CPU.ActiveCfg = Release|Any CPU
		{47F4A8D2-8D91-4F4E-BD74-F9C3AE899DCC}.Release|Any CPU.Build.0 = Release|Any CPU
		{B3C2D504-2D66-4E39-A70C-F0DB162FA68C}.Debug|Any CPU.ActiveCfg = Debug|Any CPU
		{B3C2D504-2D66-4E39-A70C-F0DB162FA68C}.Debug|Any CPU.Build.0 = Debug|Any CPU
		{B3C2D504-2D66-4E39-A70C-F0DB162FA68C}.Release|Any CPU.ActiveCfg = Release|Any CPU
		{B3C2D504-2D66-4E39-A70C-F0DB162FA68C}.Release|Any CPU.Build.0 = Release|Any CPU
		{02235ED8-9091-40A8-AA81-16E0CC7DCCD8}.Debug|Any CPU.ActiveCfg = Debug|Any CPU
		{02235ED8-9091-40A8-AA81-16E0CC7DCCD8}.Debug|Any CPU.Build.0 = Debug|Any CPU
		{02235ED8-9091-40A8-AA81-16E0CC7DCCD8}.Release|Any CPU.ActiveCfg = Release|Any CPU
		{02235ED8-9091-40A8-AA81-16E0CC7DCCD8}.Release|Any CPU.Build.0 = Release|Any CPU
		{CDC07387-BD1B-486B-9E57-76613FA6FED6}.Debug|Any CPU.ActiveCfg = Debug|Any CPU
		{CDC07387-BD1B-486B-9E57-76613FA6FED6}.Debug|Any CPU.Build.0 = Debug|Any CPU
		{CDC07387-BD1B-486B-9E57-76613FA6FED6}.Release|Any CPU.ActiveCfg = Release|Any CPU
		{CDC07387-BD1B-486B-9E57-76613FA6FED6}.Release|Any CPU.Build.0 = Release|Any CPU
		{005A366C-B184-47A6-9522-E51B80F7B3E0}.Debug|Any CPU.ActiveCfg = Debug|Any CPU
		{005A366C-B184-47A6-9522-E51B80F7B3E0}.Debug|Any CPU.Build.0 = Debug|Any CPU
		{005A366C-B184-47A6-9522-E51B80F7B3E0}.Release|Any CPU.ActiveCfg = Release|Any CPU
		{005A366C-B184-47A6-9522-E51B80F7B3E0}.Release|Any CPU.Build.0 = Release|Any CPU
		{F881402C-F6CB-4907-A059-35B17CBF5E03}.Debug|Any CPU.ActiveCfg = Debug|Any CPU
		{F881402C-F6CB-4907-A059-35B17CBF5E03}.Debug|Any CPU.Build.0 = Debug|Any CPU
		{F881402C-F6CB-4907-A059-35B17CBF5E03}.Release|Any CPU.ActiveCfg = Release|Any CPU
		{F881402C-F6CB-4907-A059-35B17CBF5E03}.Release|Any CPU.Build.0 = Release|Any CPU
		{20D1DC13-E43F-43F8-B427-DA0874048E32}.Debug|Any CPU.ActiveCfg = Debug|Any CPU
		{20D1DC13-E43F-43F8-B427-DA0874048E32}.Debug|Any CPU.Build.0 = Debug|Any CPU
		{20D1DC13-E43F-43F8-B427-DA0874048E32}.Release|Any CPU.ActiveCfg = Release|Any CPU
		{20D1DC13-E43F-43F8-B427-DA0874048E32}.Release|Any CPU.Build.0 = Release|Any CPU
		{FE7ADB35-E495-4B14-91D8-8DD2DFF73A3A}.Debug|Any CPU.ActiveCfg = Debug|Any CPU
		{FE7ADB35-E495-4B14-91D8-8DD2DFF73A3A}.Debug|Any CPU.Build.0 = Debug|Any CPU
		{FE7ADB35-E495-4B14-91D8-8DD2DFF73A3A}.Release|Any CPU.ActiveCfg = Release|Any CPU
		{FE7ADB35-E495-4B14-91D8-8DD2DFF73A3A}.Release|Any CPU.Build.0 = Release|Any CPU
	EndGlobalSection
	GlobalSection(SolutionProperties) = preSolution
		HideSolutionNode = FALSE
	EndGlobalSection
	GlobalSection(NestedProjects) = preSolution
		{920295A4-8797-43CA-BC74-0C70F4473B0C} = {310B9BB6-8DD5-4979-A6C6-C7EB75D5A742}
		{B3C2D504-2D66-4E39-A70C-F0DB162FA68C} = {310B9BB6-8DD5-4979-A6C6-C7EB75D5A742}
		{005A366C-B184-47A6-9522-E51B80F7B3E0} = {310B9BB6-8DD5-4979-A6C6-C7EB75D5A742}
		{A8C330C1-5525-4ECF-AE86-974FBC3AB142} = {310B9BB6-8DD5-4979-A6C6-C7EB75D5A742}
		{20D1DC13-E43F-43F8-B427-DA0874048E32} = {310B9BB6-8DD5-4979-A6C6-C7EB75D5A742}
		{FE7ADB35-E495-4B14-91D8-8DD2DFF73A3A} = {310B9BB6-8DD5-4979-A6C6-C7EB75D5A742}
		{47F4A8D2-8D91-4F4E-BD74-F9C3AE899DCC} = {FCA3D227-2BE1-4D59-A5A7-18A2DE762DA6}
		{AA17EA39-1AAA-48D4-A1A9-5B08AC537C5C} = {FCA3D227-2BE1-4D59-A5A7-18A2DE762DA6}
		{CDC07387-BD1B-486B-9E57-76613FA6FED6} = {FCA3D227-2BE1-4D59-A5A7-18A2DE762DA6}
		{F881402C-F6CB-4907-A059-35B17CBF5E03} = {FCA3D227-2BE1-4D59-A5A7-18A2DE762DA6}
	EndGlobalSection
EndGlobal
